// !$*UTF8*$!
{
	archiveVersion = 1;
	classes = {
	};
	objectVersion = 50;
	objects = {

/* Begin PBXBuildFile section */
		3FBCDFD1262F297400A91564 /* CoreLocation.framework in Frameworks */ = {isa = PBXBuildFile; fileRef = 3FBCDFD0262F297400A91564 /* CoreLocation.framework */; };
		84960B4326249D6400129006 /* AppDelegate.swift in Sources */ = {isa = PBXBuildFile; fileRef = 84960B4226249D6400129006 /* AppDelegate.swift */; };
		84960B4526249D6400129006 /* SceneDelegate.swift in Sources */ = {isa = PBXBuildFile; fileRef = 84960B4426249D6400129006 /* SceneDelegate.swift */; };
		84960B4726249D6400129006 /* ViewController.swift in Sources */ = {isa = PBXBuildFile; fileRef = 84960B4626249D6400129006 /* ViewController.swift */; };
		84960B4A26249D6400129006 /* Main.storyboard in Resources */ = {isa = PBXBuildFile; fileRef = 84960B4826249D6400129006 /* Main.storyboard */; };
		84960B4D26249D6400129006 /* Speed_Based_Sounds.xcdatamodeld in Sources */ = {isa = PBXBuildFile; fileRef = 84960B4B26249D6400129006 /* Speed_Based_Sounds.xcdatamodeld */; };
		84960B4F26249D6900129006 /* Assets.xcassets in Resources */ = {isa = PBXBuildFile; fileRef = 84960B4E26249D6900129006 /* Assets.xcassets */; };
		84960B5226249D6900129006 /* LaunchScreen.storyboard in Resources */ = {isa = PBXBuildFile; fileRef = 84960B5026249D6900129006 /* LaunchScreen.storyboard */; };
		84960B5D26249D6900129006 /* Speed_Based_SoundsTests.swift in Sources */ = {isa = PBXBuildFile; fileRef = 84960B5C26249D6900129006 /* Speed_Based_SoundsTests.swift */; };
		84960B6826249D6900129006 /* Speed_Based_SoundsUITests.swift in Sources */ = {isa = PBXBuildFile; fileRef = 84960B6726249D6900129006 /* Speed_Based_SoundsUITests.swift */; };
/* End PBXBuildFile section */

/* Begin PBXContainerItemProxy section */
		84960B5926249D6900129006 /* PBXContainerItemProxy */ = {
			isa = PBXContainerItemProxy;
			containerPortal = 84960B3726249D6300129006 /* Project object */;
			proxyType = 1;
			remoteGlobalIDString = 84960B3E26249D6400129006;
			remoteInfo = "Speed Based Sounds";
		};
		84960B6426249D6900129006 /* PBXContainerItemProxy */ = {
			isa = PBXContainerItemProxy;
			containerPortal = 84960B3726249D6300129006 /* Project object */;
			proxyType = 1;
			remoteGlobalIDString = 84960B3E26249D6400129006;
			remoteInfo = "Speed Based Sounds";
		};
/* End PBXContainerItemProxy section */

/* Begin PBXFileReference section */
		3FBCDFD0262F297400A91564 /* CoreLocation.framework */ = {isa = PBXFileReference; lastKnownFileType = wrapper.framework; name = CoreLocation.framework; path = System/Library/Frameworks/CoreLocation.framework; sourceTree = SDKROOT; };
		84960B3F26249D6400129006 /* Speed Based Sounds.app */ = {isa = PBXFileReference; explicitFileType = wrapper.application; includeInIndex = 0; path = "Speed Based Sounds.app"; sourceTree = BUILT_PRODUCTS_DIR; };
		84960B4226249D6400129006 /* AppDelegate.swift */ = {isa = PBXFileReference; lastKnownFileType = sourcecode.swift; path = AppDelegate.swift; sourceTree = "<group>"; };
		84960B4426249D6400129006 /* SceneDelegate.swift */ = {isa = PBXFileReference; lastKnownFileType = sourcecode.swift; path = SceneDelegate.swift; sourceTree = "<group>"; };
		84960B4626249D6400129006 /* ViewController.swift */ = {isa = PBXFileReference; lastKnownFileType = sourcecode.swift; path = ViewController.swift; sourceTree = "<group>"; };
		84960B4926249D6400129006 /* Base */ = {isa = PBXFileReference; lastKnownFileType = file.storyboard; name = Base; path = Base.lproj/Main.storyboard; sourceTree = "<group>"; };
		84960B4C26249D6400129006 /* Speed_Based_Sounds.xcdatamodel */ = {isa = PBXFileReference; lastKnownFileType = wrapper.xcdatamodel; path = Speed_Based_Sounds.xcdatamodel; sourceTree = "<group>"; };
		84960B4E26249D6900129006 /* Assets.xcassets */ = {isa = PBXFileReference; lastKnownFileType = folder.assetcatalog; path = Assets.xcassets; sourceTree = "<group>"; };
		84960B5126249D6900129006 /* Base */ = {isa = PBXFileReference; lastKnownFileType = file.storyboard; name = Base; path = Base.lproj/LaunchScreen.storyboard; sourceTree = "<group>"; };
		84960B5326249D6900129006 /* Info.plist */ = {isa = PBXFileReference; lastKnownFileType = text.plist.xml; path = Info.plist; sourceTree = "<group>"; };
		84960B5826249D6900129006 /* Speed Based SoundsTests.xctest */ = {isa = PBXFileReference; explicitFileType = wrapper.cfbundle; includeInIndex = 0; path = "Speed Based SoundsTests.xctest"; sourceTree = BUILT_PRODUCTS_DIR; };
		84960B5C26249D6900129006 /* Speed_Based_SoundsTests.swift */ = {isa = PBXFileReference; lastKnownFileType = sourcecode.swift; path = Speed_Based_SoundsTests.swift; sourceTree = "<group>"; };
		84960B5E26249D6900129006 /* Info.plist */ = {isa = PBXFileReference; lastKnownFileType = text.plist.xml; path = Info.plist; sourceTree = "<group>"; };
		84960B6326249D6900129006 /* Speed Based SoundsUITests.xctest */ = {isa = PBXFileReference; explicitFileType = wrapper.cfbundle; includeInIndex = 0; path = "Speed Based SoundsUITests.xctest"; sourceTree = BUILT_PRODUCTS_DIR; };
		84960B6726249D6900129006 /* Speed_Based_SoundsUITests.swift */ = {isa = PBXFileReference; lastKnownFileType = sourcecode.swift; path = Speed_Based_SoundsUITests.swift; sourceTree = "<group>"; };
		84960B6926249D6900129006 /* Info.plist */ = {isa = PBXFileReference; lastKnownFileType = text.plist.xml; path = Info.plist; sourceTree = "<group>"; };
/* End PBXFileReference section */

/* Begin PBXFrameworksBuildPhase section */
		84960B3C26249D6400129006 /* Frameworks */ = {
			isa = PBXFrameworksBuildPhase;
			buildActionMask = 2147483647;
			files = (
				3FBCDFD1262F297400A91564 /* CoreLocation.framework in Frameworks */,
			);
			runOnlyForDeploymentPostprocessing = 0;
		};
		84960B5526249D6900129006 /* Frameworks */ = {
			isa = PBXFrameworksBuildPhase;
			buildActionMask = 2147483647;
			files = (
			);
			runOnlyForDeploymentPostprocessing = 0;
		};
		84960B6026249D6900129006 /* Frameworks */ = {
			isa = PBXFrameworksBuildPhase;
			buildActionMask = 2147483647;
			files = (
			);
			runOnlyForDeploymentPostprocessing = 0;
		};
/* End PBXFrameworksBuildPhase section */

/* Begin PBXGroup section */
		3FBCDFCF262F297400A91564 /* Frameworks */ = {
			isa = PBXGroup;
			children = (
				3FBCDFD0262F297400A91564 /* CoreLocation.framework */,
			);
			name = Frameworks;
			sourceTree = "<group>";
		};
		84960B3626249D6300129006 = {
			isa = PBXGroup;
			children = (
				84960B4126249D6400129006 /* Speed Based Sounds */,
				84960B5B26249D6900129006 /* Speed Based SoundsTests */,
				84960B6626249D6900129006 /* Speed Based SoundsUITests */,
				84960B4026249D6400129006 /* Products */,
				3FBCDFCF262F297400A91564 /* Frameworks */,
			);
			sourceTree = "<group>";
		};
		84960B4026249D6400129006 /* Products */ = {
			isa = PBXGroup;
			children = (
				84960B3F26249D6400129006 /* Speed Based Sounds.app */,
				84960B5826249D6900129006 /* Speed Based SoundsTests.xctest */,
				84960B6326249D6900129006 /* Speed Based SoundsUITests.xctest */,
			);
			name = Products;
			sourceTree = "<group>";
		};
		84960B4126249D6400129006 /* Speed Based Sounds */ = {
			isa = PBXGroup;
			children = (
				84960B4226249D6400129006 /* AppDelegate.swift */,
				84960B4426249D6400129006 /* SceneDelegate.swift */,
				84960B4626249D6400129006 /* ViewController.swift */,
				84960B4826249D6400129006 /* Main.storyboard */,
				84960B4E26249D6900129006 /* Assets.xcassets */,
				84960B5026249D6900129006 /* LaunchScreen.storyboard */,
				84960B5326249D6900129006 /* Info.plist */,
				84960B4B26249D6400129006 /* Speed_Based_Sounds.xcdatamodeld */,
			);
			path = "Speed Based Sounds";
			sourceTree = "<group>";
		};
		84960B5B26249D6900129006 /* Speed Based SoundsTests */ = {
			isa = PBXGroup;
			children = (
				84960B5C26249D6900129006 /* Speed_Based_SoundsTests.swift */,
				84960B5E26249D6900129006 /* Info.plist */,
			);
			path = "Speed Based SoundsTests";
			sourceTree = "<group>";
		};
		84960B6626249D6900129006 /* Speed Based SoundsUITests */ = {
			isa = PBXGroup;
			children = (
				84960B6726249D6900129006 /* Speed_Based_SoundsUITests.swift */,
				84960B6926249D6900129006 /* Info.plist */,
			);
			path = "Speed Based SoundsUITests";
			sourceTree = "<group>";
		};
/* End PBXGroup section */

/* Begin PBXNativeTarget section */
		84960B3E26249D6400129006 /* Speed Based Sounds */ = {
			isa = PBXNativeTarget;
			buildConfigurationList = 84960B6C26249D6900129006 /* Build configuration list for PBXNativeTarget "Speed Based Sounds" */;
			buildPhases = (
				84960B3B26249D6400129006 /* Sources */,
				84960B3C26249D6400129006 /* Frameworks */,
				84960B3D26249D6400129006 /* Resources */,
			);
			buildRules = (
			);
			dependencies = (
			);
			name = "Speed Based Sounds";
			productName = "Speed Based Sounds";
			productReference = 84960B3F26249D6400129006 /* Speed Based Sounds.app */;
			productType = "com.apple.product-type.application";
		};
		84960B5726249D6900129006 /* Speed Based SoundsTests */ = {
			isa = PBXNativeTarget;
			buildConfigurationList = 84960B6F26249D6900129006 /* Build configuration list for PBXNativeTarget "Speed Based SoundsTests" */;
			buildPhases = (
				84960B5426249D6900129006 /* Sources */,
				84960B5526249D6900129006 /* Frameworks */,
				84960B5626249D6900129006 /* Resources */,
			);
			buildRules = (
			);
			dependencies = (
				84960B5A26249D6900129006 /* PBXTargetDependency */,
			);
			name = "Speed Based SoundsTests";
			productName = "Speed Based SoundsTests";
			productReference = 84960B5826249D6900129006 /* Speed Based SoundsTests.xctest */;
			productType = "com.apple.product-type.bundle.unit-test";
		};
		84960B6226249D6900129006 /* Speed Based SoundsUITests */ = {
			isa = PBXNativeTarget;
			buildConfigurationList = 84960B7226249D6900129006 /* Build configuration list for PBXNativeTarget "Speed Based SoundsUITests" */;
			buildPhases = (
				84960B5F26249D6900129006 /* Sources */,
				84960B6026249D6900129006 /* Frameworks */,
				84960B6126249D6900129006 /* Resources */,
			);
			buildRules = (
			);
			dependencies = (
				84960B6526249D6900129006 /* PBXTargetDependency */,
			);
			name = "Speed Based SoundsUITests";
			productName = "Speed Based SoundsUITests";
			productReference = 84960B6326249D6900129006 /* Speed Based SoundsUITests.xctest */;
			productType = "com.apple.product-type.bundle.ui-testing";
		};
/* End PBXNativeTarget section */

/* Begin PBXProject section */
		84960B3726249D6300129006 /* Project object */ = {
			isa = PBXProject;
			attributes = {
				LastSwiftUpdateCheck = 1240;
				LastUpgradeCheck = 1240;
				TargetAttributes = {
					84960B3E26249D6400129006 = {
						CreatedOnToolsVersion = 12.4;
					};
					84960B5726249D6900129006 = {
						CreatedOnToolsVersion = 12.4;
						TestTargetID = 84960B3E26249D6400129006;
					};
					84960B6226249D6900129006 = {
						CreatedOnToolsVersion = 12.4;
						TestTargetID = 84960B3E26249D6400129006;
					};
				};
			};
			buildConfigurationList = 84960B3A26249D6300129006 /* Build configuration list for PBXProject "Speed Based Sounds" */;
			compatibilityVersion = "Xcode 9.3";
			developmentRegion = en;
			hasScannedForEncodings = 0;
			knownRegions = (
				en,
				Base,
			);
			mainGroup = 84960B3626249D6300129006;
			productRefGroup = 84960B4026249D6400129006 /* Products */;
			projectDirPath = "";
			projectRoot = "";
			targets = (
				84960B3E26249D6400129006 /* Speed Based Sounds */,
				84960B5726249D6900129006 /* Speed Based SoundsTests */,
				84960B6226249D6900129006 /* Speed Based SoundsUITests */,
			);
		};
/* End PBXProject section */

/* Begin PBXResourcesBuildPhase section */
		84960B3D26249D6400129006 /* Resources */ = {
			isa = PBXResourcesBuildPhase;
			buildActionMask = 2147483647;
			files = (
				84960B5226249D6900129006 /* LaunchScreen.storyboard in Resources */,
				84960B4F26249D6900129006 /* Assets.xcassets in Resources */,
				84960B4A26249D6400129006 /* Main.storyboard in Resources */,
			);
			runOnlyForDeploymentPostprocessing = 0;
		};
		84960B5626249D6900129006 /* Resources */ = {
			isa = PBXResourcesBuildPhase;
			buildActionMask = 2147483647;
			files = (
			);
			runOnlyForDeploymentPostprocessing = 0;
		};
		84960B6126249D6900129006 /* Resources */ = {
			isa = PBXResourcesBuildPhase;
			buildActionMask = 2147483647;
			files = (
			);
			runOnlyForDeploymentPostprocessing = 0;
		};
/* End PBXResourcesBuildPhase section */

/* Begin PBXSourcesBuildPhase section */
		84960B3B26249D6400129006 /* Sources */ = {
			isa = PBXSourcesBuildPhase;
			buildActionMask = 2147483647;
			files = (
				84960B4726249D6400129006 /* ViewController.swift in Sources */,
				84960B4D26249D6400129006 /* Speed_Based_Sounds.xcdatamodeld in Sources */,
				84960B4326249D6400129006 /* AppDelegate.swift in Sources */,
				84960B4526249D6400129006 /* SceneDelegate.swift in Sources */,
			);
			runOnlyForDeploymentPostprocessing = 0;
		};
		84960B5426249D6900129006 /* Sources */ = {
			isa = PBXSourcesBuildPhase;
			buildActionMask = 2147483647;
			files = (
				84960B5D26249D6900129006 /* Speed_Based_SoundsTests.swift in Sources */,
			);
			runOnlyForDeploymentPostprocessing = 0;
		};
		84960B5F26249D6900129006 /* Sources */ = {
			isa = PBXSourcesBuildPhase;
			buildActionMask = 2147483647;
			files = (
				84960B6826249D6900129006 /* Speed_Based_SoundsUITests.swift in Sources */,
			);
			runOnlyForDeploymentPostprocessing = 0;
		};
/* End PBXSourcesBuildPhase section */

/* Begin PBXTargetDependency section */
		84960B5A26249D6900129006 /* PBXTargetDependency */ = {
			isa = PBXTargetDependency;
			target = 84960B3E26249D6400129006 /* Speed Based Sounds */;
			targetProxy = 84960B5926249D6900129006 /* PBXContainerItemProxy */;
		};
		84960B6526249D6900129006 /* PBXTargetDependency */ = {
			isa = PBXTargetDependency;
			target = 84960B3E26249D6400129006 /* Speed Based Sounds */;
			targetProxy = 84960B6426249D6900129006 /* PBXContainerItemProxy */;
		};
/* End PBXTargetDependency section */

/* Begin PBXVariantGroup section */
		84960B4826249D6400129006 /* Main.storyboard */ = {
			isa = PBXVariantGroup;
			children = (
				84960B4926249D6400129006 /* Base */,
			);
			name = Main.storyboard;
			sourceTree = "<group>";
		};
		84960B5026249D6900129006 /* LaunchScreen.storyboard */ = {
			isa = PBXVariantGroup;
			children = (
				84960B5126249D6900129006 /* Base */,
			);
			name = LaunchScreen.storyboard;
			sourceTree = "<group>";
		};
/* End PBXVariantGroup section */

/* Begin XCBuildConfiguration section */
		84960B6A26249D6900129006 /* Debug */ = {
			isa = XCBuildConfiguration;
			buildSettings = {
				ALWAYS_SEARCH_USER_PATHS = NO;
				CLANG_ANALYZER_NONNULL = YES;
				CLANG_ANALYZER_NUMBER_OBJECT_CONVERSION = YES_AGGRESSIVE;
				CLANG_CXX_LANGUAGE_STANDARD = "gnu++14";
				CLANG_CXX_LIBRARY = "libc++";
				CLANG_ENABLE_MODULES = YES;
				CLANG_ENABLE_OBJC_ARC = YES;
				CLANG_ENABLE_OBJC_WEAK = YES;
				CLANG_WARN_BLOCK_CAPTURE_AUTORELEASING = YES;
				CLANG_WARN_BOOL_CONVERSION = YES;
				CLANG_WARN_COMMA = YES;
				CLANG_WARN_CONSTANT_CONVERSION = YES;
				CLANG_WARN_DEPRECATED_OBJC_IMPLEMENTATIONS = YES;
				CLANG_WARN_DIRECT_OBJC_ISA_USAGE = YES_ERROR;
				CLANG_WARN_DOCUMENTATION_COMMENTS = YES;
				CLANG_WARN_EMPTY_BODY = YES;
				CLANG_WARN_ENUM_CONVERSION = YES;
				CLANG_WARN_INFINITE_RECURSION = YES;
				CLANG_WARN_INT_CONVERSION = YES;
				CLANG_WARN_NON_LITERAL_NULL_CONVERSION = YES;
				CLANG_WARN_OBJC_IMPLICIT_RETAIN_SELF = YES;
				CLANG_WARN_OBJC_LITERAL_CONVERSION = YES;
				CLANG_WARN_OBJC_ROOT_CLASS = YES_ERROR;
				CLANG_WARN_QUOTED_INCLUDE_IN_FRAMEWORK_HEADER = YES;
				CLANG_WARN_RANGE_LOOP_ANALYSIS = YES;
				CLANG_WARN_STRICT_PROTOTYPES = YES;
				CLANG_WARN_SUSPICIOUS_MOVE = YES;
				CLANG_WARN_UNGUARDED_AVAILABILITY = YES_AGGRESSIVE;
				CLANG_WARN_UNREACHABLE_CODE = YES;
				CLANG_WARN__DUPLICATE_METHOD_MATCH = YES;
				COPY_PHASE_STRIP = NO;
				DEBUG_INFORMATION_FORMAT = dwarf;
				ENABLE_STRICT_OBJC_MSGSEND = YES;
				ENABLE_TESTABILITY = YES;
				GCC_C_LANGUAGE_STANDARD = gnu11;
				GCC_DYNAMIC_NO_PIC = NO;
				GCC_NO_COMMON_BLOCKS = YES;
				GCC_OPTIMIZATION_LEVEL = 0;
				GCC_PREPROCESSOR_DEFINITIONS = (
					"DEBUG=1",
					"$(inherited)",
				);
				GCC_WARN_64_TO_32_BIT_CONVERSION = YES;
				GCC_WARN_ABOUT_RETURN_TYPE = YES_ERROR;
				GCC_WARN_UNDECLARED_SELECTOR = YES;
				GCC_WARN_UNINITIALIZED_AUTOS = YES_AGGRESSIVE;
				GCC_WARN_UNUSED_FUNCTION = YES;
				GCC_WARN_UNUSED_VARIABLE = YES;
				IPHONEOS_DEPLOYMENT_TARGET = 14.4;
				MTL_ENABLE_DEBUG_INFO = INCLUDE_SOURCE;
				MTL_FAST_MATH = YES;
				ONLY_ACTIVE_ARCH = YES;
				SDKROOT = iphoneos;
				SWIFT_ACTIVE_COMPILATION_CONDITIONS = DEBUG;
				SWIFT_OPTIMIZATION_LEVEL = "-Onone";
			};
			name = Debug;
		};
		84960B6B26249D6900129006 /* Release */ = {
			isa = XCBuildConfiguration;
			buildSettings = {
				ALWAYS_SEARCH_USER_PATHS = NO;
				CLANG_ANALYZER_NONNULL = YES;
				CLANG_ANALYZER_NUMBER_OBJECT_CONVERSION = YES_AGGRESSIVE;
				CLANG_CXX_LANGUAGE_STANDARD = "gnu++14";
				CLANG_CXX_LIBRARY = "libc++";
				CLANG_ENABLE_MODULES = YES;
				CLANG_ENABLE_OBJC_ARC = YES;
				CLANG_ENABLE_OBJC_WEAK = YES;
				CLANG_WARN_BLOCK_CAPTURE_AUTORELEASING = YES;
				CLANG_WARN_BOOL_CONVERSION = YES;
				CLANG_WARN_COMMA = YES;
				CLANG_WARN_CONSTANT_CONVERSION = YES;
				CLANG_WARN_DEPRECATED_OBJC_IMPLEMENTATIONS = YES;
				CLANG_WARN_DIRECT_OBJC_ISA_USAGE = YES_ERROR;
				CLANG_WARN_DOCUMENTATION_COMMENTS = YES;
				CLANG_WARN_EMPTY_BODY = YES;
				CLANG_WARN_ENUM_CONVERSION = YES;
				CLANG_WARN_INFINITE_RECURSION = YES;
				CLANG_WARN_INT_CONVERSION = YES;
				CLANG_WARN_NON_LITERAL_NULL_CONVERSION = YES;
				CLANG_WARN_OBJC_IMPLICIT_RETAIN_SELF = YES;
				CLANG_WARN_OBJC_LITERAL_CONVERSION = YES;
				CLANG_WARN_OBJC_ROOT_CLASS = YES_ERROR;
				CLANG_WARN_QUOTED_INCLUDE_IN_FRAMEWORK_HEADER = YES;
				CLANG_WARN_RANGE_LOOP_ANALYSIS = YES;
				CLANG_WARN_STRICT_PROTOTYPES = YES;
				CLANG_WARN_SUSPICIOUS_MOVE = YES;
				CLANG_WARN_UNGUARDED_AVAILABILITY = YES_AGGRESSIVE;
				CLANG_WARN_UNREACHABLE_CODE = YES;
				CLANG_WARN__DUPLICATE_METHOD_MATCH = YES;
				COPY_PHASE_STRIP = NO;
				DEBUG_INFORMATION_FORMAT = "dwarf-with-dsym";
				ENABLE_NS_ASSERTIONS = NO;
				ENABLE_STRICT_OBJC_MSGSEND = YES;
				GCC_C_LANGUAGE_STANDARD = gnu11;
				GCC_NO_COMMON_BLOCKS = YES;
				GCC_WARN_64_TO_32_BIT_CONVERSION = YES;
				GCC_WARN_ABOUT_RETURN_TYPE = YES_ERROR;
				GCC_WARN_UNDECLARED_SELECTOR = YES;
				GCC_WARN_UNINITIALIZED_AUTOS = YES_AGGRESSIVE;
				GCC_WARN_UNUSED_FUNCTION = YES;
				GCC_WARN_UNUSED_VARIABLE = YES;
				IPHONEOS_DEPLOYMENT_TARGET = 14.4;
				MTL_ENABLE_DEBUG_INFO = NO;
				MTL_FAST_MATH = YES;
				SDKROOT = iphoneos;
				SWIFT_COMPILATION_MODE = wholemodule;
				SWIFT_OPTIMIZATION_LEVEL = "-O";
				VALIDATE_PRODUCT = YES;
			};
			name = Release;
		};
		84960B6D26249D6900129006 /* Debug */ = {
			isa = XCBuildConfiguration;
			buildSettings = {
				ASSETCATALOG_COMPILER_APPICON_NAME = AppIcon;
				ASSETCATALOG_COMPILER_GLOBAL_ACCENT_COLOR_NAME = AccentColor;
				CODE_SIGN_STYLE = Automatic;
				DEVELOPMENT_TEAM = NRYJ47QJ4A;
				INFOPLIST_FILE = "Speed Based Sounds/Info.plist";
				LD_RUNPATH_SEARCH_PATHS = (
					"$(inherited)",
					"@executable_path/Frameworks",
				);
				PRODUCT_BUNDLE_IDENTIFIER = "NSD.Speed-Based-Sounds";
				PRODUCT_NAME = "$(TARGET_NAME)";
				SWIFT_VERSION = 5.0;
				TARGETED_DEVICE_FAMILY = "1,2";
			};
			name = Debug;
		};
		84960B6E26249D6900129006 /* Release */ = {
			isa = XCBuildConfiguration;
			buildSettings = {
				ASSETCATALOG_COMPILER_APPICON_NAME = AppIcon;
				ASSETCATALOG_COMPILER_GLOBAL_ACCENT_COLOR_NAME = AccentColor;
				CODE_SIGN_STYLE = Automatic;
				DEVELOPMENT_TEAM = NRYJ47QJ4A;
				INFOPLIST_FILE = "Speed Based Sounds/Info.plist";
				LD_RUNPATH_SEARCH_PATHS = (
					"$(inherited)",
					"@executable_path/Frameworks",
				);
				PRODUCT_BUNDLE_IDENTIFIER = "NSD.Speed-Based-Sounds";
				PRODUCT_NAME = "$(TARGET_NAME)";
				SWIFT_VERSION = 5.0;
				TARGETED_DEVICE_FAMILY = "1,2";
			};
			name = Release;
		};
		84960B7026249D6900129006 /* Debug */ = {
			isa = XCBuildConfiguration;
			buildSettings = {
				ALWAYS_EMBED_SWIFT_STANDARD_LIBRARIES = YES;
				BUNDLE_LOADER = "$(TEST_HOST)";
				CODE_SIGN_STYLE = Automatic;
				DEVELOPMENT_TEAM = NRYJ47QJ4A;
				INFOPLIST_FILE = "Speed Based SoundsTests/Info.plist";
				IPHONEOS_DEPLOYMENT_TARGET = 14.4;
				LD_RUNPATH_SEARCH_PATHS = (
					"$(inherited)",
					"@executable_path/Frameworks",
					"@loader_path/Frameworks",
				);
				PRODUCT_BUNDLE_IDENTIFIER = "NSD.Speed-Based-SoundsTests";
				PRODUCT_NAME = "$(TARGET_NAME)";
				SWIFT_VERSION = 5.0;
				TARGETED_DEVICE_FAMILY = "1,2";
				TEST_HOST = "$(BUILT_PRODUCTS_DIR)/Speed Based Sounds.app/Speed Based Sounds";
			};
			name = Debug;
		};
		84960B7126249D6900129006 /* Release */ = {
			isa = XCBuildConfiguration;
			buildSettings = {
				ALWAYS_EMBED_SWIFT_STANDARD_LIBRARIES = YES;
				BUNDLE_LOADER = "$(TEST_HOST)";
				CODE_SIGN_STYLE = Automatic;
				DEVELOPMENT_TEAM = NRYJ47QJ4A;
				INFOPLIST_FILE = "Speed Based SoundsTests/Info.plist";
				IPHONEOS_DEPLOYMENT_TARGET = 14.4;
				LD_RUNPATH_SEARCH_PATHS = (
					"$(inherited)",
					"@executable_path/Frameworks",
					"@loader_path/Frameworks",
				);
				PRODUCT_BUNDLE_IDENTIFIER = "NSD.Speed-Based-SoundsTests";
				PRODUCT_NAME = "$(TARGET_NAME)";
				SWIFT_VERSION = 5.0;
				TARGETED_DEVICE_FAMILY = "1,2";
				TEST_HOST = "$(BUILT_PRODUCTS_DIR)/Speed Based Sounds.app/Speed Based Sounds";
			};
			name = Release;
		};
		84960B7326249D6900129006 /* Debug */ = {
			isa = XCBuildConfiguration;
			buildSettings = {
				ALWAYS_EMBED_SWIFT_STANDARD_LIBRARIES = YES;
				CODE_SIGN_STYLE = Automatic;
				DEVELOPMENT_TEAM = NRYJ47QJ4A;
				INFOPLIST_FILE = "Speed Based SoundsUITests/Info.plist";
				LD_RUNPATH_SEARCH_PATHS = (
					"$(inherited)",
					"@executable_path/Frameworks",
					"@loader_path/Frameworks",
				);
				PRODUCT_BUNDLE_IDENTIFIER = "NSD.Speed-Based-SoundsUITests";
				PRODUCT_NAME = "$(TARGET_NAME)";
				SWIFT_VERSION = 5.0;
				TARGETED_DEVICE_FAMILY = "1,2";
				TEST_TARGET_NAME = "Speed Based Sounds";
			};
			name = Debug;
		};
		84960B7426249D6900129006 /* Release */ = {
			isa = XCBuildConfiguration;
			buildSettings = {
				ALWAYS_EMBED_SWIFT_STANDARD_LIBRARIES = YES;
				CODE_SIGN_STYLE = Automatic;
				DEVELOPMENT_TEAM = NRYJ47QJ4A;
				INFOPLIST_FILE = "Speed Based SoundsUITests/Info.plist";
				LD_RUNPATH_SEARCH_PATHS = (
					"$(inherited)",
					"@executable_path/Frameworks",
					"@loader_path/Frameworks",
				);
				PRODUCT_BUNDLE_IDENTIFIER = "NSD.Speed-Based-SoundsUITests";
				PRODUCT_NAME = "$(TARGET_NAME)";
				SWIFT_VERSION = 5.0;
				TARGETED_DEVICE_FAMILY = "1,2";
				TEST_TARGET_NAME = "Speed Based Sounds";
			};
			name = Release;
		};
/* End XCBuildConfiguration section */

/* Begin XCConfigurationList section */
		84960B3A26249D6300129006 /* Build configuration list for PBXProject "Speed Based Sounds" */ = {
			isa = XCConfigurationList;
			buildConfigurations = (
				84960B6A26249D6900129006 /* Debug */,
				84960B6B26249D6900129006 /* Release */,
			);
			defaultConfigurationIsVisible = 0;
			defaultConfigurationName = Release;
		};
		84960B6C26249D6900129006 /* Build configuration list for PBXNativeTarget "Speed Based Sounds" */ = {
			isa = XCConfigurationList;
			buildConfigurations = (
				84960B6D26249D6900129006 /* Debug */,
				84960B6E26249D6900129006 /* Release */,
			);
			defaultConfigurationIsVisible = 0;
			defaultConfigurationName = Release;
		};
		84960B6F26249D6900129006 /* Build configuration list for PBXNativeTarget "Speed Based SoundsTests" */ = {
			isa = XCConfigurationList;
			buildConfigurations = (
				84960B7026249D6900129006 /* Debug */,
				84960B7126249D6900129006 /* Release */,
			);
			defaultConfigurationIsVisible = 0;
			defaultConfigurationName = Release;
		};
		84960B7226249D6900129006 /* Build configuration list for PBXNativeTarget "Speed Based SoundsUITests" */ = {
			isa = XCConfigurationList;
			buildConfigurations = (
				84960B7326249D6900129006 /* Debug */,
				84960B7426249D6900129006 /* Release */,
			);
			defaultConfigurationIsVisible = 0;
			defaultConfigurationName = Release;
		};
/* End XCConfigurationList section */

/* Begin XCVersionGroup section */
		84960B4B26249D6400129006 /* Speed_Based_Sounds.xcdatamodeld */ = {
			isa = XCVersionGroup;
			children = (
				84960B4C26249D6400129006 /* Speed_Based_Sounds.xcdatamodel */,
			);
			currentVersion = 84960B4C26249D6400129006 /* Speed_Based_Sounds.xcdatamodel */;
			path = Speed_Based_Sounds.xcdatamodeld;
			sourceTree = "<group>";
			versionGroupType = wrapper.xcdatamodel;
		};
/* End XCVersionGroup section */
	};
	rootObject = 84960B3726249D6300129006 /* Project object */;
}
